// !$*UTF8*$!
{
	archiveVersion = 1;
	classes = {
	};
	objectVersion = 46;
	objects = {

/* Begin PBXBuildFile section */
		A8AC285F19F8A91E001FF097 /* main.m in Sources */ = {isa = PBXBuildFile; fileRef = A8AC285E19F8A91E001FF097 /* main.m */; };
		A8AC286219F8A91E001FF097 /* AppDelegate.m in Sources */ = {isa = PBXBuildFile; fileRef = A8AC286119F8A91E001FF097 /* AppDelegate.m */; };
		A8AC286519F8A91E001FF097 /* ViewController.m in Sources */ = {isa = PBXBuildFile; fileRef = A8AC286419F8A91E001FF097 /* ViewController.m */; };
		A8AC286819F8A91E001FF097 /* Main.storyboard in Resources */ = {isa = PBXBuildFile; fileRef = A8AC286619F8A91E001FF097 /* Main.storyboard */; };
		A8AC286A19F8A91E001FF097 /* Images.xcassets in Resources */ = {isa = PBXBuildFile; fileRef = A8AC286919F8A91E001FF097 /* Images.xcassets */; };
		A8AC286D19F8A91E001FF097 /* LaunchScreen.xib in Resources */ = {isa = PBXBuildFile; fileRef = A8AC286B19F8A91E001FF097 /* LaunchScreen.xib */; };
		A8AC287919F8A91E001FF097 /* AbstractFactoryPatternTests.m in Sources */ = {isa = PBXBuildFile; fileRef = A8AC287819F8A91E001FF097 /* AbstractFactoryPatternTests.m */; };
		A8AC288519F8A97F001FF097 /* StyleFactory.m in Sources */ = {isa = PBXBuildFile; fileRef = A8AC288419F8A97F001FF097 /* StyleFactory.m */; };
		A8AC288919F8ABB5001FF097 /* WinStyleFactory.m in Sources */ = {isa = PBXBuildFile; fileRef = A8AC288819F8ABB5001FF097 /* WinStyleFactory.m */; };
		A8AC288D19F8ABF6001FF097 /* MacStyleFactory.m in Sources */ = {isa = PBXBuildFile; fileRef = A8AC288C19F8ABF6001FF097 /* MacStyleFactory.m */; };
		A8AC289319F8ACDF001FF097 /* MacBackgroundView.m in Sources */ = {isa = PBXBuildFile; fileRef = A8AC289219F8ACDF001FF097 /* MacBackgroundView.m */; };
		A8AC289619F8AD1B001FF097 /* MacCloseButton.m in Sources */ = {isa = PBXBuildFile; fileRef = A8AC289519F8AD1B001FF097 /* MacCloseButton.m */; };
		A8AC289919F8AD36001FF097 /* MacToolBar.m in Sources */ = {isa = PBXBuildFile; fileRef = A8AC289819F8AD36001FF097 /* MacToolBar.m */; };
		A8AC289C19F8AD68001FF097 /* WinBackgroundView.m in Sources */ = {isa = PBXBuildFile; fileRef = A8AC289B19F8AD68001FF097 /* WinBackgroundView.m */; };
		A8AC289F19F8AD84001FF097 /* WinCloseButton.m in Sources */ = {isa = PBXBuildFile; fileRef = A8AC289E19F8AD84001FF097 /* WinCloseButton.m */; };
		A8AC28A219F8ADA8001FF097 /* WinToolBar.m in Sources */ = {isa = PBXBuildFile; fileRef = A8AC28A119F8ADA8001FF097 /* WinToolBar.m */; };
/* End PBXBuildFile section */

/* Begin PBXContainerItemProxy section */
		A8AC287319F8A91E001FF097 /* PBXContainerItemProxy */ = {
			isa = PBXContainerItemProxy;
			containerPortal = A8AC285119F8A91E001FF097 /* Project object */;
			proxyType = 1;
			remoteGlobalIDString = A8AC285819F8A91E001FF097;
			remoteInfo = AbstractFactoryPattern;
		};
/* End PBXContainerItemProxy section */

/* Begin PBXFileReference section */
		A8AC285919F8A91E001FF097 /* AbstractFactoryPattern.app */ = {isa = PBXFileReference; explicitFileType = wrapper.application; includeInIndex = 0; path = AbstractFactoryPattern.app; sourceTree = BUILT_PRODUCTS_DIR; };
		A8AC285D19F8A91E001FF097 /* Info.plist */ = {isa = PBXFileReference; lastKnownFileType = text.plist.xml; path = Info.plist; sourceTree = "<group>"; };
		A8AC285E19F8A91E001FF097 /* main.m */ = {isa = PBXFileReference; lastKnownFileType = sourcecode.c.objc; path = main.m; sourceTree = "<group>"; };
		A8AC286019F8A91E001FF097 /* AppDelegate.h */ = {isa = PBXFileReference; lastKnownFileType = sourcecode.c.h; path = AppDelegate.h; sourceTree = "<group>"; };
		A8AC286119F8A91E001FF097 /* AppDelegate.m */ = {isa = PBXFileReference; lastKnownFileType = sourcecode.c.objc; path = AppDelegate.m; sourceTree = "<group>"; };
		A8AC286319F8A91E001FF097 /* ViewController.h */ = {isa = PBXFileReference; lastKnownFileType = sourcecode.c.h; path = ViewController.h; sourceTree = "<group>"; };
		A8AC286419F8A91E001FF097 /* ViewController.m */ = {isa = PBXFileReference; lastKnownFileType = sourcecode.c.objc; path = ViewController.m; sourceTree = "<group>"; };
		A8AC286719F8A91E001FF097 /* Base */ = {isa = PBXFileReference; lastKnownFileType = file.storyboard; name = Base; path = Base.lproj/Main.storyboard; sourceTree = "<group>"; };
		A8AC286919F8A91E001FF097 /* Images.xcassets */ = {isa = PBXFileReference; lastKnownFileType = folder.assetcatalog; path = Images.xcassets; sourceTree = "<group>"; };
		A8AC286C19F8A91E001FF097 /* Base */ = {isa = PBXFileReference; lastKnownFileType = file.xib; name = Base; path = Base.lproj/LaunchScreen.xib; sourceTree = "<group>"; };
		A8AC287219F8A91E001FF097 /* AbstractFactoryPatternTests.xctest */ = {isa = PBXFileReference; explicitFileType = wrapper.cfbundle; includeInIndex = 0; path = AbstractFactoryPatternTests.xctest; sourceTree = BUILT_PRODUCTS_DIR; };
		A8AC287719F8A91E001FF097 /* Info.plist */ = {isa = PBXFileReference; lastKnownFileType = text.plist.xml; path = Info.plist; sourceTree = "<group>"; };
		A8AC287819F8A91E001FF097 /* AbstractFactoryPatternTests.m */ = {isa = PBXFileReference; lastKnownFileType = sourcecode.c.objc; path = AbstractFactoryPatternTests.m; sourceTree = "<group>"; };
		A8AC288319F8A97F001FF097 /* StyleFactory.h */ = {isa = PBXFileReference; fileEncoding = 4; lastKnownFileType = sourcecode.c.h; path = StyleFactory.h; sourceTree = "<group>"; };
		A8AC288419F8A97F001FF097 /* StyleFactory.m */ = {isa = PBXFileReference; fileEncoding = 4; lastKnownFileType = sourcecode.c.objc; path = StyleFactory.m; sourceTree = "<group>"; };
		A8AC288719F8ABB5001FF097 /* WinStyleFactory.h */ = {isa = PBXFileReference; fileEncoding = 4; lastKnownFileType = sourcecode.c.h; path = WinStyleFactory.h; sourceTree = "<group>"; };
		A8AC288819F8ABB5001FF097 /* WinStyleFactory.m */ = {isa = PBXFileReference; fileEncoding = 4; lastKnownFileType = sourcecode.c.objc; path = WinStyleFactory.m; sourceTree = "<group>"; };
		A8AC288B19F8ABF6001FF097 /* MacStyleFactory.h */ = {isa = PBXFileReference; fileEncoding = 4; lastKnownFileType = sourcecode.c.h; path = MacStyleFactory.h; sourceTree = "<group>"; };
		A8AC288C19F8ABF6001FF097 /* MacStyleFactory.m */ = {isa = PBXFileReference; fileEncoding = 4; lastKnownFileType = sourcecode.c.objc; path = MacStyleFactory.m; sourceTree = "<group>"; };
		A8AC289119F8ACDF001FF097 /* MacBackgroundView.h */ = {isa = PBXFileReference; fileEncoding = 4; lastKnownFileType = sourcecode.c.h; path = MacBackgroundView.h; sourceTree = "<group>"; };
		A8AC289219F8ACDF001FF097 /* MacBackgroundView.m */ = {isa = PBXFileReference; fileEncoding = 4; lastKnownFileType = sourcecode.c.objc; path = MacBackgroundView.m; sourceTree = "<group>"; };
		A8AC289419F8AD1B001FF097 /* MacCloseButton.h */ = {isa = PBXFileReference; fileEncoding = 4; lastKnownFileType = sourcecode.c.h; path = MacCloseButton.h; sourceTree = "<group>"; };
		A8AC289519F8AD1B001FF097 /* MacCloseButton.m */ = {isa = PBXFileReference; fileEncoding = 4; lastKnownFileType = sourcecode.c.objc; path = MacCloseButton.m; sourceTree = "<group>"; };
		A8AC289719F8AD36001FF097 /* MacToolBar.h */ = {isa = PBXFileReference; fileEncoding = 4; lastKnownFileType = sourcecode.c.h; path = MacToolBar.h; sourceTree = "<group>"; };
		A8AC289819F8AD36001FF097 /* MacToolBar.m */ = {isa = PBXFileReference; fileEncoding = 4; lastKnownFileType = sourcecode.c.objc; path = MacToolBar.m; sourceTree = "<group>"; };
		A8AC289A19F8AD68001FF097 /* WinBackgroundView.h */ = {isa = PBXFileReference; fileEncoding = 4; lastKnownFileType = sourcecode.c.h; path = WinBackgroundView.h; sourceTree = "<group>"; };
		A8AC289B19F8AD68001FF097 /* WinBackgroundView.m */ = {isa = PBXFileReference; fileEncoding = 4; lastKnownFileType = sourcecode.c.objc; path = WinBackgroundView.m; sourceTree = "<group>"; };
		A8AC289D19F8AD84001FF097 /* WinCloseButton.h */ = {isa = PBXFileReference; fileEncoding = 4; lastKnownFileType = sourcecode.c.h; path = WinCloseButton.h; sourceTree = "<group>"; };
		A8AC289E19F8AD84001FF097 /* WinCloseButton.m */ = {isa = PBXFileReference; fileEncoding = 4; lastKnownFileType = sourcecode.c.objc; path = WinCloseButton.m; sourceTree = "<group>"; };
		A8AC28A019F8ADA8001FF097 /* WinToolBar.h */ = {isa = PBXFileReference; fileEncoding = 4; lastKnownFileType = sourcecode.c.h; path = WinToolBar.h; sourceTree = "<group>"; };
		A8AC28A119F8ADA8001FF097 /* WinToolBar.m */ = {isa = PBXFileReference; fileEncoding = 4; lastKnownFileType = sourcecode.c.objc; path = WinToolBar.m; sourceTree = "<group>"; };
/* End PBXFileReference section */

/* Begin PBXFrameworksBuildPhase section */
		A8AC285619F8A91E001FF097 /* Frameworks */ = {
			isa = PBXFrameworksBuildPhase;
			buildActionMask = 2147483647;
			files = (
			);
			runOnlyForDeploymentPostprocessing = 0;
		};
		A8AC286F19F8A91E001FF097 /* Frameworks */ = {
			isa = PBXFrameworksBuildPhase;
			buildActionMask = 2147483647;
			files = (
			);
			runOnlyForDeploymentPostprocessing = 0;
		};
/* End PBXFrameworksBuildPhase section */

/* Begin PBXGroup section */
		A8AC285019F8A91E001FF097 = {
			isa = PBXGroup;
			children = (
				A8AC285B19F8A91E001FF097 /* AbstractFactoryPattern */,
				A8AC287519F8A91E001FF097 /* AbstractFactoryPatternTests */,
				A8AC285A19F8A91E001FF097 /* Products */,
			);
			sourceTree = "<group>";
		};
		A8AC285A19F8A91E001FF097 /* Products */ = {
			isa = PBXGroup;
			children = (
				A8AC285919F8A91E001FF097 /* AbstractFactoryPattern.app */,
				A8AC287219F8A91E001FF097 /* AbstractFactoryPatternTests.xctest */,
			);
			name = Products;
			sourceTree = "<group>";
		};
		A8AC285B19F8A91E001FF097 /* AbstractFactoryPattern */ = {
			isa = PBXGroup;
			children = (
				A8AC288E19F8AC75001FF097 /* StyleProducts */,
				A8AC288219F8A932001FF097 /* StyleFactory */,
				A8AC286019F8A91E001FF097 /* AppDelegate.h */,
				A8AC286119F8A91E001FF097 /* AppDelegate.m */,
				A8AC286319F8A91E001FF097 /* ViewController.h */,
				A8AC286419F8A91E001FF097 /* ViewController.m */,
				A8AC286619F8A91E001FF097 /* Main.storyboard */,
				A8AC286919F8A91E001FF097 /* Images.xcassets */,
				A8AC286B19F8A91E001FF097 /* LaunchScreen.xib */,
				A8AC285C19F8A91E001FF097 /* Supporting Files */,
			);
			path = AbstractFactoryPattern;
			sourceTree = "<group>";
		};
		A8AC285C19F8A91E001FF097 /* Supporting Files */ = {
			isa = PBXGroup;
			children = (
				A8AC285D19F8A91E001FF097 /* Info.plist */,
				A8AC285E19F8A91E001FF097 /* main.m */,
			);
			name = "Supporting Files";
			sourceTree = "<group>";
		};
		A8AC287519F8A91E001FF097 /* AbstractFactoryPatternTests */ = {
			isa = PBXGroup;
			children = (
				A8AC287819F8A91E001FF097 /* AbstractFactoryPatternTests.m */,
				A8AC287619F8A91E001FF097 /* Supporting Files */,
			);
			path = AbstractFactoryPatternTests;
			sourceTree = "<group>";
		};
		A8AC287619F8A91E001FF097 /* Supporting Files */ = {
			isa = PBXGroup;
			children = (
				A8AC287719F8A91E001FF097 /* Info.plist */,
			);
			name = "Supporting Files";
			sourceTree = "<group>";
		};
		A8AC288219F8A932001FF097 /* StyleFactory */ = {
			isa = PBXGroup;
			children = (
				A8AC288A19F8ABC2001FF097 /* MacStyleFactory */,
				A8AC288619F8AB6B001FF097 /* WinStyleFactory */,
				A8AC288319F8A97F001FF097 /* StyleFactory.h */,
				A8AC288419F8A97F001FF097 /* StyleFactory.m */,
			);
			name = StyleFactory;
			sourceTree = "<group>";
		};
		A8AC288619F8AB6B001FF097 /* WinStyleFactory */ = {
			isa = PBXGroup;
			children = (
				A8AC288719F8ABB5001FF097 /* WinStyleFactory.h */,
				A8AC288819F8ABB5001FF097 /* WinStyleFactory.m */,
			);
			name = WinStyleFactory;
			sourceTree = "<group>";
		};
		A8AC288A19F8ABC2001FF097 /* MacStyleFactory */ = {
			isa = PBXGroup;
			children = (
				A8AC288B19F8ABF6001FF097 /* MacStyleFactory.h */,
				A8AC288C19F8ABF6001FF097 /* MacStyleFactory.m */,
			);
			name = MacStyleFactory;
			sourceTree = "<group>";
		};
		A8AC288E19F8AC75001FF097 /* StyleProducts */ = {
			isa = PBXGroup;
			children = (
				A8AC289019F8ACA8001FF097 /* MacStyle */,
				A8AC288F19F8AC96001FF097 /* WinStyle */,
			);
			name = StyleProducts;
			sourceTree = "<group>";
		};
		A8AC288F19F8AC96001FF097 /* WinStyle */ = {
			isa = PBXGroup;
			children = (
				A8AC289A19F8AD68001FF097 /* WinBackgroundView.h */,
				A8AC289B19F8AD68001FF097 /* WinBackgroundView.m */,
				A8AC289D19F8AD84001FF097 /* WinCloseButton.h */,
				A8AC289E19F8AD84001FF097 /* WinCloseButton.m */,
				A8AC28A019F8ADA8001FF097 /* WinToolBar.h */,
				A8AC28A119F8ADA8001FF097 /* WinToolBar.m */,
			);
			name = WinStyle;
			sourceTree = "<group>";
		};
		A8AC289019F8ACA8001FF097 /* MacStyle */ = {
			isa = PBXGroup;
			children = (
				A8AC289119F8ACDF001FF097 /* MacBackgroundView.h */,
				A8AC289219F8ACDF001FF097 /* MacBackgroundView.m */,
				A8AC289419F8AD1B001FF097 /* MacCloseButton.h */,
				A8AC289519F8AD1B001FF097 /* MacCloseButton.m */,
				A8AC289719F8AD36001FF097 /* MacToolBar.h */,
				A8AC289819F8AD36001FF097 /* MacToolBar.m */,
			);
			name = MacStyle;
			sourceTree = "<group>";
		};
/* End PBXGroup section */

/* Begin PBXNativeTarget section */
		A8AC285819F8A91E001FF097 /* AbstractFactoryPattern */ = {
			isa = PBXNativeTarget;
			buildConfigurationList = A8AC287C19F8A91E001FF097 /* Build configuration list for PBXNativeTarget "AbstractFactoryPattern" */;
			buildPhases = (
				A8AC285519F8A91E001FF097 /* Sources */,
				A8AC285619F8A91E001FF097 /* Frameworks */,
				A8AC285719F8A91E001FF097 /* Resources */,
			);
			buildRules = (
			);
			dependencies = (
			);
			name = AbstractFactoryPattern;
			productName = AbstractFactoryPattern;
			productReference = A8AC285919F8A91E001FF097 /* AbstractFactoryPattern.app */;
			productType = "com.apple.product-type.application";
		};
		A8AC287119F8A91E001FF097 /* AbstractFactoryPatternTests */ = {
			isa = PBXNativeTarget;
			buildConfigurationList = A8AC287F19F8A91E001FF097 /* Build configuration list for PBXNativeTarget "AbstractFactoryPatternTests" */;
			buildPhases = (
				A8AC286E19F8A91E001FF097 /* Sources */,
				A8AC286F19F8A91E001FF097 /* Frameworks */,
				A8AC287019F8A91E001FF097 /* Resources */,
			);
			buildRules = (
			);
			dependencies = (
				A8AC287419F8A91E001FF097 /* PBXTargetDependency */,
			);
			name = AbstractFactoryPatternTests;
			productName = AbstractFactoryPatternTests;
			productReference = A8AC287219F8A91E001FF097 /* AbstractFactoryPatternTests.xctest */;
			productType = "com.apple.product-type.bundle.unit-test";
		};
/* End PBXNativeTarget section */

/* Begin PBXProject section */
		A8AC285119F8A91E001FF097 /* Project object */ = {
			isa = PBXProject;
			attributes = {
				LastUpgradeCheck = 0600;
				ORGANIZATIONNAME = Test;
				TargetAttributes = {
					A8AC285819F8A91E001FF097 = {
						CreatedOnToolsVersion = 6.0.1;
					};
					A8AC287119F8A91E001FF097 = {
						CreatedOnToolsVersion = 6.0.1;
						TestTargetID = A8AC285819F8A91E001FF097;
					};
				};
			};
			buildConfigurationList = A8AC285419F8A91E001FF097 /* Build configuration list for PBXProject "AbstractFactoryPattern" */;
			compatibilityVersion = "Xcode 3.2";
			developmentRegion = English;
			hasScannedForEncodings = 0;
			knownRegions = (
				en,
				Base,
			);
			mainGroup = A8AC285019F8A91E001FF097;
			productRefGroup = A8AC285A19F8A91E001FF097 /* Products */;
			projectDirPath = "";
			projectRoot = "";
			targets = (
				A8AC285819F8A91E001FF097 /* AbstractFactoryPattern */,
				A8AC287119F8A91E001FF097 /* AbstractFactoryPatternTests */,
			);
		};
/* End PBXProject section */

/* Begin PBXResourcesBuildPhase section */
		A8AC285719F8A91E001FF097 /* Resources */ = {
			isa = PBXResourcesBuildPhase;
			buildActionMask = 2147483647;
			files = (
				A8AC286819F8A91E001FF097 /* Main.storyboard in Resources */,
				A8AC286D19F8A91E001FF097 /* LaunchScreen.xib in Resources */,
				A8AC286A19F8A91E001FF097 /* Images.xcassets in Resources */,
			);
			runOnlyForDeploymentPostprocessing = 0;
		};
		A8AC287019F8A91E001FF097 /* Resources */ = {
			isa = PBXResourcesBuildPhase;
			buildActionMask = 2147483647;
			files = (
			);
			runOnlyForDeploymentPostprocessing = 0;
		};
/* End PBXResourcesBuildPhase section */

/* Begin PBXSourcesBuildPhase section */
		A8AC285519F8A91E001FF097 /* Sources */ = {
			isa = PBXSourcesBuildPhase;
			buildActionMask = 2147483647;
			files = (
				A8AC289319F8ACDF001FF097 /* MacBackgroundView.m in Sources */,
				A8AC286519F8A91E001FF097 /* ViewController.m in Sources */,
				A8AC286219F8A91E001FF097 /* AppDelegate.m in Sources */,
				A8AC289C19F8AD68001FF097 /* WinBackgroundView.m in Sources */,
				A8AC288D19F8ABF6001FF097 /* MacStyleFactory.m in Sources */,
				A8AC289919F8AD36001FF097 /* MacToolBar.m in Sources */,
				A8AC288519F8A97F001FF097 /* StyleFactory.m in Sources */,
				A8AC289F19F8AD84001FF097 /* WinCloseButton.m in Sources */,
				A8AC28A219F8ADA8001FF097 /* WinToolBar.m in Sources */,
				A8AC288919F8ABB5001FF097 /* WinStyleFactory.m in Sources */,
				A8AC289619F8AD1B001FF097 /* MacCloseButton.m in Sources */,
				A8AC285F19F8A91E001FF097 /* main.m in Sources */,
			);
			runOnlyForDeploymentPostprocessing = 0;
		};
		A8AC286E19F8A91E001FF097 /* Sources */ = {
			isa = PBXSourcesBuildPhase;
			buildActionMask = 2147483647;
			files = (
				A8AC287919F8A91E001FF097 /* AbstractFactoryPatternTests.m in Sources */,
			);
			runOnlyForDeploymentPostprocessing = 0;
		};
/* End PBXSourcesBuildPhase section */

/* Begin PBXTargetDependency section */
		A8AC287419F8A91E001FF097 /* PBXTargetDependency */ = {
			isa = PBXTargetDependency;
			target = A8AC285819F8A91E001FF097 /* AbstractFactoryPattern */;
			targetProxy = A8AC287319F8A91E001FF097 /* PBXContainerItemProxy */;
		};
/* End PBXTargetDependency section */

/* Begin PBXVariantGroup section */
		A8AC286619F8A91E001FF097 /* Main.storyboard */ = {
			isa = PBXVariantGroup;
			children = (
				A8AC286719F8A91E001FF097 /* Base */,
			);
			name = Main.storyboard;
			sourceTree = "<group>";
		};
		A8AC286B19F8A91E001FF097 /* LaunchScreen.xib */ = {
			isa = PBXVariantGroup;
			children = (
				A8AC286C19F8A91E001FF097 /* Base */,
			);
			name = LaunchScreen.xib;
			sourceTree = "<group>";
		};
/* End PBXVariantGroup section */

/* Begin XCBuildConfiguration section */
		A8AC287A19F8A91E001FF097 /* Debug */ = {
			isa = XCBuildConfiguration;
			buildSettings = {
				ALWAYS_SEARCH_USER_PATHS = NO;
				CLANG_CXX_LANGUAGE_STANDARD = "gnu++0x";
				CLANG_CXX_LIBRARY = "libc++";
				CLANG_ENABLE_MODULES = YES;
				CLANG_ENABLE_OBJC_ARC = YES;
				CLANG_WARN_BOOL_CONVERSION = YES;
				CLANG_WARN_CONSTANT_CONVERSION = YES;
				CLANG_WARN_DIRECT_OBJC_ISA_USAGE = YES_ERROR;
				CLANG_WARN_EMPTY_BODY = YES;
				CLANG_WARN_ENUM_CONVERSION = YES;
				CLANG_WARN_INT_CONVERSION = YES;
				CLANG_WARN_OBJC_ROOT_CLASS = YES_ERROR;
				CLANG_WARN_UNREACHABLE_CODE = YES;
				CLANG_WARN__DUPLICATE_METHOD_MATCH = YES;
				"CODE_SIGN_IDENTITY[sdk=iphoneos*]" = "iPhone Developer";
				COPY_PHASE_STRIP = NO;
				ENABLE_STRICT_OBJC_MSGSEND = YES;
				GCC_C_LANGUAGE_STANDARD = gnu99;
				GCC_DYNAMIC_NO_PIC = NO;
				GCC_OPTIMIZATION_LEVEL = 0;
				GCC_PREPROCESSOR_DEFINITIONS = (
					"DEBUG=1",
					"$(inherited)",
				);
				GCC_SYMBOLS_PRIVATE_EXTERN = NO;
				GCC_WARN_64_TO_32_BIT_CONVERSION = YES;
				GCC_WARN_ABOUT_RETURN_TYPE = YES_ERROR;
				GCC_WARN_UNDECLARED_SELECTOR = YES;
				GCC_WARN_UNINITIALIZED_AUTOS = YES_AGGRESSIVE;
				GCC_WARN_UNUSED_FUNCTION = YES;
				GCC_WARN_UNUSED_VARIABLE = YES;
				IPHONEOS_DEPLOYMENT_TARGET = 8.0;
				MTL_ENABLE_DEBUG_INFO = YES;
				ONLY_ACTIVE_ARCH = YES;
				SDKROOT = iphoneos;
			};
			name = Debug;
		};
		A8AC287B19F8A91E001FF097 /* Release */ = {
			isa = XCBuildConfiguration;
			buildSettings = {
				ALWAYS_SEARCH_USER_PATHS = NO;
				CLANG_CXX_LANGUAGE_STANDARD = "gnu++0x";
				CLANG_CXX_LIBRARY = "libc++";
				CLANG_ENABLE_MODULES = YES;
				CLANG_ENABLE_OBJC_ARC = YES;
				CLANG_WARN_BOOL_CONVERSION = YES;
				CLANG_WARN_CONSTANT_CONVERSION = YES;
				CLANG_WARN_DIRECT_OBJC_ISA_USAGE = YES_ERROR;
				CLANG_WARN_EMPTY_BODY = YES;
				CLANG_WARN_ENUM_CONVERSION = YES;
				CLANG_WARN_INT_CONVERSION = YES;
				CLANG_WARN_OBJC_ROOT_CLASS = YES_ERROR;
				CLANG_WARN_UNREACHABLE_CODE = YES;
				CLANG_WARN__DUPLICATE_METHOD_MATCH = YES;
				"CODE_SIGN_IDENTITY[sdk=iphoneos*]" = "iPhone Developer";
				COPY_PHASE_STRIP = YES;
				ENABLE_NS_ASSERTIONS = NO;
				ENABLE_STRICT_OBJC_MSGSEND = YES;
				GCC_C_LANGUAGE_STANDARD = gnu99;
				GCC_WARN_64_TO_32_BIT_CONVERSION = YES;
				GCC_WARN_ABOUT_RETURN_TYPE = YES_ERROR;
				GCC_WARN_UNDECLARED_SELECTOR = YES;
				GCC_WARN_UNINITIALIZED_AUTOS = YES_AGGRESSIVE;
				GCC_WARN_UNUSED_FUNCTION = YES;
				GCC_WARN_UNUSED_VARIABLE = YES;
				IPHONEOS_DEPLOYMENT_TARGET = 8.0;
				MTL_ENABLE_DEBUG_INFO = NO;
				SDKROOT = iphoneos;
				VALIDATE_PRODUCT = YES;
			};
			name = Release;
		};
		A8AC287D19F8A91E001FF097 /* Debug */ = {
			isa = XCBuildConfiguration;
			buildSettings = {
				ASSETCATALOG_COMPILER_APPICON_NAME = AppIcon;
				INFOPLIST_FILE = AbstractFactoryPattern/Info.plist;
				LD_RUNPATH_SEARCH_PATHS = "$(inherited) @executable_path/Frameworks";
				PRODUCT_NAME = "$(TARGET_NAME)";
			};
			name = Debug;
		};
		A8AC287E19F8A91E001FF097 /* Release */ = {
			isa = XCBuildConfiguration;
			buildSettings = {
				ASSETCATALOG_COMPILER_APPICON_NAME = AppIcon;
				INFOPLIST_FILE = AbstractFactoryPattern/Info.plist;
				LD_RUNPATH_SEARCH_PATHS = "$(inherited) @executable_path/Frameworks";
				PRODUCT_NAME = "$(TARGET_NAME)";
			};
			name = Release;
		};
		A8AC288019F8A91E001FF097 /* Debug */ = {
			isa = XCBuildConfiguration;
			buildSettings = {
				BUNDLE_LOADER = "$(TEST_HOST)";
				FRAMEWORK_SEARCH_PATHS = (
					"$(SDKROOT)/Developer/Library/Frameworks",
					"$(inherited)",
				);
				GCC_PREPROCESSOR_DEFINITIONS = (
					"DEBUG=1",
					"$(inherited)",
				);
				INFOPLIST_FILE = AbstractFactoryPatternTests/Info.plist;
				LD_RUNPATH_SEARCH_PATHS = "$(inherited) @executable_path/Frameworks @loader_path/Frameworks";
				PRODUCT_NAME = "$(TARGET_NAME)";
				TEST_HOST = "$(BUILT_PRODUCTS_DIR)/AbstractFactoryPattern.app/AbstractFactoryPattern";
			};
			name = Debug;
		};
		A8AC288119F8A91E001FF097 /* Release */ = {
			isa = XCBuildConfiguration;
			buildSettings = {
				BUNDLE_LOADER = "$(TEST_HOST)";
				FRAMEWORK_SEARCH_PATHS = (
					"$(SDKROOT)/Developer/Library/Frameworks",
					"$(inherited)",
				);
				INFOPLIST_FILE = AbstractFactoryPatternTests/Info.plist;
				LD_RUNPATH_SEARCH_PATHS = "$(inherited) @executable_path/Frameworks @loader_path/Frameworks";
				PRODUCT_NAME = "$(TARGET_NAME)";
				TEST_HOST = "$(BUILT_PRODUCTS_DIR)/AbstractFactoryPattern.app/AbstractFactoryPattern";
			};
			name = Release;
		};
/* End XCBuildConfiguration section */

/* Begin XCConfigurationList section */
		A8AC285419F8A91E001FF097 /* Build configuration list for PBXProject "AbstractFactoryPattern" */ = {
			isa = XCConfigurationList;
			buildConfigurations = (
				A8AC287A19F8A91E001FF097 /* Debug */,
				A8AC287B19F8A91E001FF097 /* Release */,
			);
			defaultConfigurationIsVisible = 0;
			defaultConfigurationName = Release;
		};
		A8AC287C19F8A91E001FF097 /* Build configuration list for PBXNativeTarget "AbstractFactoryPattern" */ = {
			isa = XCConfigurationList;
			buildConfigurations = (
				A8AC287D19F8A91E001FF097 /* Debug */,
				A8AC287E19F8A91E001FF097 /* Release */,
			);
			defaultConfigurationIsVisible = 0;
		};
		A8AC287F19F8A91E001FF097 /* Build configuration list for PBXNativeTarget "AbstractFactoryPatternTests" */ = {
			isa = XCConfigurationList;
			buildConfigurations = (
				A8AC288019F8A91E001FF097 /* Debug */,
				A8AC288119F8A91E001FF097 /* Release */,
			);
			defaultConfigurationIsVisible = 0;
		};
/* End XCConfigurationList section */
	};
	rootObject = A8AC285119F8A91E001FF097 /* Project object */;
}
