// !$*UTF8*$!
{
	archiveVersion = 1;
	classes = {
	};
	objectVersion = 46;
	objects = {

/* Begin PBXBuildFile section */
		29747F2B1A03791700696E68 /* UnitTestDemo_Tests33.m in Sources */ = {isa = PBXBuildFile; fileRef = 29747F2A1A03791700696E68 /* UnitTestDemo_Tests33.m */; };
		29E888891A023E9A00FA5AA1 /* main.m in Sources */ = {isa = PBXBuildFile; fileRef = 29E888881A023E9A00FA5AA1 /* main.m */; };
		29E8888C1A023E9A00FA5AA1 /* AppDelegate.m in Sources */ = {isa = PBXBuildFile; fileRef = 29E8888B1A023E9A00FA5AA1 /* AppDelegate.m */; };
		29E8888F1A023E9A00FA5AA1 /* ViewController.m in Sources */ = {isa = PBXBuildFile; fileRef = 29E8888E1A023E9A00FA5AA1 /* ViewController.m */; };
		29E888921A023E9A00FA5AA1 /* Main.storyboard in Resources */ = {isa = PBXBuildFile; fileRef = 29E888901A023E9A00FA5AA1 /* Main.storyboard */; };
		29E888941A023E9A00FA5AA1 /* Images.xcassets in Resources */ = {isa = PBXBuildFile; fileRef = 29E888931A023E9A00FA5AA1 /* Images.xcassets */; };
		29E888971A023E9A00FA5AA1 /* LaunchScreen.xib in Resources */ = {isa = PBXBuildFile; fileRef = 29E888951A023E9A00FA5AA1 /* LaunchScreen.xib */; };
		29E888A31A023E9A00FA5AA1 /* UnitTestDemoTests.m in Sources */ = {isa = PBXBuildFile; fileRef = 29E888A21A023E9A00FA5AA1 /* UnitTestDemoTests.m */; };
		29E888AE1A026C0200FA5AA1 /* TestTools.m in Sources */ = {isa = PBXBuildFile; fileRef = 29E888AD1A026C0200FA5AA1 /* TestTools.m */; };
		29E888AF1A026C0200FA5AA1 /* TestTools.m in Sources */ = {isa = PBXBuildFile; fileRef = 29E888AD1A026C0200FA5AA1 /* TestTools.m */; };
		29E888B11A027A4100FA5AA1 /* UnitTestDemoTests2.m in Sources */ = {isa = PBXBuildFile; fileRef = 29E888B01A027A4100FA5AA1 /* UnitTestDemoTests2.m */; };
		29E888BF1A0329A700FA5AA1 /* UnitTestDemo_Tests.m in Sources */ = {isa = PBXBuildFile; fileRef = 29E888BE1A0329A700FA5AA1 /* UnitTestDemo_Tests.m */; };
/* End PBXBuildFile section */

/* Begin PBXContainerItemProxy section */
		29747F2C1A03791700696E68 /* PBXContainerItemProxy */ = {
			isa = PBXContainerItemProxy;
			containerPortal = 29E8887B1A023E9A00FA5AA1 /* Project object */;
			proxyType = 1;
			remoteGlobalIDString = 29E888821A023E9A00FA5AA1;
			remoteInfo = UnitTestDemo;
		};
		29E8889D1A023E9A00FA5AA1 /* PBXContainerItemProxy */ = {
			isa = PBXContainerItemProxy;
			containerPortal = 29E8887B1A023E9A00FA5AA1 /* Project object */;
			proxyType = 1;
			remoteGlobalIDString = 29E888821A023E9A00FA5AA1;
			remoteInfo = UnitTestDemo;
		};
		29E888C01A0329A700FA5AA1 /* PBXContainerItemProxy */ = {
			isa = PBXContainerItemProxy;
			containerPortal = 29E8887B1A023E9A00FA5AA1 /* Project object */;
			proxyType = 1;
			remoteGlobalIDString = 29E888821A023E9A00FA5AA1;
			remoteInfo = UnitTestDemo;
		};
/* End PBXContainerItemProxy section */

/* Begin PBXFileReference section */
		29747F261A03791700696E68 /* UnitTestDemo Tests33.xctest */ = {isa = PBXFileReference; explicitFileType = wrapper.cfbundle; includeInIndex = 0; path = "UnitTestDemo Tests33.xctest"; sourceTree = BUILT_PRODUCTS_DIR; };
		29747F291A03791700696E68 /* Info.plist */ = {isa = PBXFileReference; lastKnownFileType = text.plist.xml; path = Info.plist; sourceTree = "<group>"; };
		29747F2A1A03791700696E68 /* UnitTestDemo_Tests33.m */ = {isa = PBXFileReference; lastKnownFileType = sourcecode.c.objc; path = UnitTestDemo_Tests33.m; sourceTree = "<group>"; };
		29E888831A023E9A00FA5AA1 /* UnitTestDemo.app */ = {isa = PBXFileReference; explicitFileType = wrapper.application; includeInIndex = 0; path = UnitTestDemo.app; sourceTree = BUILT_PRODUCTS_DIR; };
		29E888871A023E9A00FA5AA1 /* Info.plist */ = {isa = PBXFileReference; lastKnownFileType = text.plist.xml; path = Info.plist; sourceTree = "<group>"; };
		29E888881A023E9A00FA5AA1 /* main.m */ = {isa = PBXFileReference; lastKnownFileType = sourcecode.c.objc; path = main.m; sourceTree = "<group>"; };
		29E8888A1A023E9A00FA5AA1 /* AppDelegate.h */ = {isa = PBXFileReference; lastKnownFileType = sourcecode.c.h; path = AppDelegate.h; sourceTree = "<group>"; };
		29E8888B1A023E9A00FA5AA1 /* AppDelegate.m */ = {isa = PBXFileReference; lastKnownFileType = sourcecode.c.objc; path = AppDelegate.m; sourceTree = "<group>"; };
		29E8888D1A023E9A00FA5AA1 /* ViewController.h */ = {isa = PBXFileReference; lastKnownFileType = sourcecode.c.h; path = ViewController.h; sourceTree = "<group>"; };
		29E8888E1A023E9A00FA5AA1 /* ViewController.m */ = {isa = PBXFileReference; lastKnownFileType = sourcecode.c.objc; path = ViewController.m; sourceTree = "<group>"; };
		29E888911A023E9A00FA5AA1 /* Base */ = {isa = PBXFileReference; lastKnownFileType = file.storyboard; name = Base; path = Base.lproj/Main.storyboard; sourceTree = "<group>"; };
		29E888931A023E9A00FA5AA1 /* Images.xcassets */ = {isa = PBXFileReference; lastKnownFileType = folder.assetcatalog; path = Images.xcassets; sourceTree = "<group>"; };
		29E888961A023E9A00FA5AA1 /* Base */ = {isa = PBXFileReference; lastKnownFileType = file.xib; name = Base; path = Base.lproj/LaunchScreen.xib; sourceTree = "<group>"; };
		29E8889C1A023E9A00FA5AA1 /* UnitTestDemoTests.xctest */ = {isa = PBXFileReference; explicitFileType = wrapper.cfbundle; includeInIndex = 0; path = UnitTestDemoTests.xctest; sourceTree = BUILT_PRODUCTS_DIR; };
		29E888A11A023E9A00FA5AA1 /* Info.plist */ = {isa = PBXFileReference; lastKnownFileType = text.plist.xml; path = Info.plist; sourceTree = "<group>"; };
		29E888A21A023E9A00FA5AA1 /* UnitTestDemoTests.m */ = {isa = PBXFileReference; lastKnownFileType = sourcecode.c.objc; path = UnitTestDemoTests.m; sourceTree = "<group>"; };
		29E888AC1A026C0200FA5AA1 /* TestTools.h */ = {isa = PBXFileReference; fileEncoding = 4; lastKnownFileType = sourcecode.c.h; path = TestTools.h; sourceTree = "<group>"; };
		29E888AD1A026C0200FA5AA1 /* TestTools.m */ = {isa = PBXFileReference; fileEncoding = 4; lastKnownFileType = sourcecode.c.objc; path = TestTools.m; sourceTree = "<group>"; };
		29E888B01A027A4100FA5AA1 /* UnitTestDemoTests2.m */ = {isa = PBXFileReference; fileEncoding = 4; lastKnownFileType = sourcecode.c.objc; name = UnitTestDemoTests2.m; path = ../UnitTestDemo/UnitTestDemoTests2.m; sourceTree = "<group>"; };
		29E888BA1A0329A700FA5AA1 /* UnitTestDemo Tests.xctest */ = {isa = PBXFileReference; explicitFileType = wrapper.cfbundle; includeInIndex = 0; path = "UnitTestDemo Tests.xctest"; sourceTree = BUILT_PRODUCTS_DIR; };
		29E888BD1A0329A700FA5AA1 /* Info.plist */ = {isa = PBXFileReference; lastKnownFileType = text.plist.xml; path = Info.plist; sourceTree = "<group>"; };
		29E888BE1A0329A700FA5AA1 /* UnitTestDemo_Tests.m */ = {isa = PBXFileReference; lastKnownFileType = sourcecode.c.objc; path = UnitTestDemo_Tests.m; sourceTree = "<group>"; };
/* End PBXFileReference section */

/* Begin PBXFrameworksBuildPhase section */
		29747F231A03791700696E68 /* Frameworks */ = {
			isa = PBXFrameworksBuildPhase;
			buildActionMask = 2147483647;
			files = (
			);
			runOnlyForDeploymentPostprocessing = 0;
		};
		29E888801A023E9A00FA5AA1 /* Frameworks */ = {
			isa = PBXFrameworksBuildPhase;
			buildActionMask = 2147483647;
			files = (
			);
			runOnlyForDeploymentPostprocessing = 0;
		};
		29E888991A023E9A00FA5AA1 /* Frameworks */ = {
			isa = PBXFrameworksBuildPhase;
			buildActionMask = 2147483647;
			files = (
			);
			runOnlyForDeploymentPostprocessing = 0;
		};
		29E888B71A0329A700FA5AA1 /* Frameworks */ = {
			isa = PBXFrameworksBuildPhase;
			buildActionMask = 2147483647;
			files = (
			);
			runOnlyForDeploymentPostprocessing = 0;
		};
/* End PBXFrameworksBuildPhase section */

/* Begin PBXGroup section */
		29747F271A03791700696E68 /* UnitTestDemo Tests33 */ = {
			isa = PBXGroup;
			children = (
				29747F2A1A03791700696E68 /* UnitTestDemo_Tests33.m */,
				29747F281A03791700696E68 /* Supporting Files */,
			);
			path = "UnitTestDemo Tests33";
			sourceTree = "<group>";
		};
		29747F281A03791700696E68 /* Supporting Files */ = {
			isa = PBXGroup;
			children = (
				29747F291A03791700696E68 /* Info.plist */,
			);
			name = "Supporting Files";
			sourceTree = "<group>";
		};
		29E8887A1A023E9A00FA5AA1 = {
			isa = PBXGroup;
			children = (
				29E888851A023E9A00FA5AA1 /* UnitTestDemo */,
				29E8889F1A023E9A00FA5AA1 /* UnitTestDemoTests */,
				29E888BB1A0329A700FA5AA1 /* UnitTestDemo Tests */,
				29747F271A03791700696E68 /* UnitTestDemo Tests33 */,
				29E888841A023E9A00FA5AA1 /* Products */,
			);
			sourceTree = "<group>";
		};
		29E888841A023E9A00FA5AA1 /* Products */ = {
			isa = PBXGroup;
			children = (
				29E888831A023E9A00FA5AA1 /* UnitTestDemo.app */,
				29E8889C1A023E9A00FA5AA1 /* UnitTestDemoTests.xctest */,
				29E888BA1A0329A700FA5AA1 /* UnitTestDemo Tests.xctest */,
				29747F261A03791700696E68 /* UnitTestDemo Tests33.xctest */,
			);
			name = Products;
			sourceTree = "<group>";
		};
		29E888851A023E9A00FA5AA1 /* UnitTestDemo */ = {
			isa = PBXGroup;
			children = (
				29E8888A1A023E9A00FA5AA1 /* AppDelegate.h */,
				29E8888B1A023E9A00FA5AA1 /* AppDelegate.m */,
				29E8888D1A023E9A00FA5AA1 /* ViewController.h */,
				29E8888E1A023E9A00FA5AA1 /* ViewController.m */,
				29E888AC1A026C0200FA5AA1 /* TestTools.h */,
				29E888AD1A026C0200FA5AA1 /* TestTools.m */,
				29E888901A023E9A00FA5AA1 /* Main.storyboard */,
				29E888931A023E9A00FA5AA1 /* Images.xcassets */,
				29E888951A023E9A00FA5AA1 /* LaunchScreen.xib */,
				29E888861A023E9A00FA5AA1 /* Supporting Files */,
			);
			path = UnitTestDemo;
			sourceTree = "<group>";
		};
		29E888861A023E9A00FA5AA1 /* Supporting Files */ = {
			isa = PBXGroup;
			children = (
				29E888871A023E9A00FA5AA1 /* Info.plist */,
				29E888881A023E9A00FA5AA1 /* main.m */,
			);
			name = "Supporting Files";
			sourceTree = "<group>";
		};
		29E8889F1A023E9A00FA5AA1 /* UnitTestDemoTests */ = {
			isa = PBXGroup;
			children = (
				29E888B01A027A4100FA5AA1 /* UnitTestDemoTests2.m */,
				29E888A21A023E9A00FA5AA1 /* UnitTestDemoTests.m */,
				29E888A01A023E9A00FA5AA1 /* Supporting Files */,
			);
			path = UnitTestDemoTests;
			sourceTree = "<group>";
		};
		29E888A01A023E9A00FA5AA1 /* Supporting Files */ = {
			isa = PBXGroup;
			children = (
				29E888A11A023E9A00FA5AA1 /* Info.plist */,
			);
			name = "Supporting Files";
			sourceTree = "<group>";
		};
		29E888BB1A0329A700FA5AA1 /* UnitTestDemo Tests */ = {
			isa = PBXGroup;
			children = (
				29E888BE1A0329A700FA5AA1 /* UnitTestDemo_Tests.m */,
				29E888BC1A0329A700FA5AA1 /* Supporting Files */,
			);
			path = "UnitTestDemo Tests";
			sourceTree = "<group>";
		};
		29E888BC1A0329A700FA5AA1 /* Supporting Files */ = {
			isa = PBXGroup;
			children = (
				29E888BD1A0329A700FA5AA1 /* Info.plist */,
			);
			name = "Supporting Files";
			sourceTree = "<group>";
		};
/* End PBXGroup section */

/* Begin PBXNativeTarget section */
		29747F251A03791700696E68 /* UnitTestDemo Tests33 */ = {
			isa = PBXNativeTarget;
			buildConfigurationList = 29747F301A03791700696E68 /* Build configuration list for PBXNativeTarget "UnitTestDemo Tests33" */;
			buildPhases = (
				29747F221A03791700696E68 /* Sources */,
				29747F231A03791700696E68 /* Frameworks */,
				29747F241A03791700696E68 /* Resources */,
			);
			buildRules = (
			);
			dependencies = (
				29747F2D1A03791700696E68 /* PBXTargetDependency */,
			);
			name = "UnitTestDemo Tests33";
			productName = "UnitTestDemo Tests33";
			productReference = 29747F261A03791700696E68 /* UnitTestDemo Tests33.xctest */;
			productType = "com.apple.product-type.bundle.unit-test";
		};
		29E888821A023E9A00FA5AA1 /* UnitTestDemo */ = {
			isa = PBXNativeTarget;
			buildConfigurationList = 29E888A61A023E9A00FA5AA1 /* Build configuration list for PBXNativeTarget "UnitTestDemo" */;
			buildPhases = (
				29E8887F1A023E9A00FA5AA1 /* Sources */,
				29E888801A023E9A00FA5AA1 /* Frameworks */,
				29E888811A023E9A00FA5AA1 /* Resources */,
			);
			buildRules = (
			);
			dependencies = (
			);
			name = UnitTestDemo;
			productName = UnitTestDemo;
			productReference = 29E888831A023E9A00FA5AA1 /* UnitTestDemo.app */;
			productType = "com.apple.product-type.application";
		};
		29E8889B1A023E9A00FA5AA1 /* UnitTestDemoTests */ = {
			isa = PBXNativeTarget;
			buildConfigurationList = 29E888A91A023E9A00FA5AA1 /* Build configuration list for PBXNativeTarget "UnitTestDemoTests" */;
			buildPhases = (
				29E888981A023E9A00FA5AA1 /* Sources */,
				29E888991A023E9A00FA5AA1 /* Frameworks */,
				29E8889A1A023E9A00FA5AA1 /* Resources */,
			);
			buildRules = (
			);
			dependencies = (
				29E8889E1A023E9A00FA5AA1 /* PBXTargetDependency */,
			);
			name = UnitTestDemoTests;
			productName = UnitTestDemoTests;
			productReference = 29E8889C1A023E9A00FA5AA1 /* UnitTestDemoTests.xctest */;
			productType = "com.apple.product-type.bundle.unit-test";
		};
		29E888B91A0329A700FA5AA1 /* UnitTestDemo Tests */ = {
			isa = PBXNativeTarget;
			buildConfigurationList = 29E888C21A0329A700FA5AA1 /* Build configuration list for PBXNativeTarget "UnitTestDemo Tests" */;
			buildPhases = (
				29E888B61A0329A700FA5AA1 /* Sources */,
				29E888B71A0329A700FA5AA1 /* Frameworks */,
				29E888B81A0329A700FA5AA1 /* Resources */,
			);
			buildRules = (
			);
			dependencies = (
				29E888C11A0329A700FA5AA1 /* PBXTargetDependency */,
			);
			name = "UnitTestDemo Tests";
			productName = "UnitTestDemo Tests";
			productReference = 29E888BA1A0329A700FA5AA1 /* UnitTestDemo Tests.xctest */;
			productType = "com.apple.product-type.bundle.unit-test";
		};
/* End PBXNativeTarget section */

/* Begin PBXProject section */
		29E8887B1A023E9A00FA5AA1 /* Project object */ = {
			isa = PBXProject;
			attributes = {
				LastUpgradeCheck = 0610;
				ORGANIZATIONNAME = hoolai;
				TargetAttributes = {
					29747F251A03791700696E68 = {
						CreatedOnToolsVersion = 6.1;
						TestTargetID = 29E888821A023E9A00FA5AA1;
					};
					29E888821A023E9A00FA5AA1 = {
						CreatedOnToolsVersion = 6.1;
					};
					29E8889B1A023E9A00FA5AA1 = {
						CreatedOnToolsVersion = 6.1;
						TestTargetID = 29E888821A023E9A00FA5AA1;
					};
					29E888B91A0329A700FA5AA1 = {
						CreatedOnToolsVersion = 6.1;
						TestTargetID = 29E888821A023E9A00FA5AA1;
					};
				};
			};
			buildConfigurationList = 29E8887E1A023E9A00FA5AA1 /* Build configuration list for PBXProject "UnitTestDemo" */;
			compatibilityVersion = "Xcode 3.2";
			developmentRegion = English;
			hasScannedForEncodings = 0;
			knownRegions = (
				en,
				Base,
			);
			mainGroup = 29E8887A1A023E9A00FA5AA1;
			productRefGroup = 29E888841A023E9A00FA5AA1 /* Products */;
			projectDirPath = "";
			projectRoot = "";
			targets = (
				29E888821A023E9A00FA5AA1 /* UnitTestDemo */,
				29E8889B1A023E9A00FA5AA1 /* UnitTestDemoTests */,
				29E888B91A0329A700FA5AA1 /* UnitTestDemo Tests */,
				29747F251A03791700696E68 /* UnitTestDemo Tests33 */,
			);
		};
/* End PBXProject section */

/* Begin PBXResourcesBuildPhase section */
		29747F241A03791700696E68 /* Resources */ = {
			isa = PBXResourcesBuildPhase;
			buildActionMask = 2147483647;
			files = (
			);
			runOnlyForDeploymentPostprocessing = 0;
		};
		29E888811A023E9A00FA5AA1 /* Resources */ = {
			isa = PBXResourcesBuildPhase;
			buildActionMask = 2147483647;
			files = (
				29E888921A023E9A00FA5AA1 /* Main.storyboard in Resources */,
				29E888971A023E9A00FA5AA1 /* LaunchScreen.xib in Resources */,
				29E888941A023E9A00FA5AA1 /* Images.xcassets in Resources */,
			);
			runOnlyForDeploymentPostprocessing = 0;
		};
		29E8889A1A023E9A00FA5AA1 /* Resources */ = {
			isa = PBXResourcesBuildPhase;
			buildActionMask = 2147483647;
			files = (
			);
			runOnlyForDeploymentPostprocessing = 0;
		};
		29E888B81A0329A700FA5AA1 /* Resources */ = {
			isa = PBXResourcesBuildPhase;
			buildActionMask = 2147483647;
			files = (
			);
			runOnlyForDeploymentPostprocessing = 0;
		};
/* End PBXResourcesBuildPhase section */

/* Begin PBXSourcesBuildPhase section */
		29747F221A03791700696E68 /* Sources */ = {
			isa = PBXSourcesBuildPhase;
			buildActionMask = 2147483647;
			files = (
				29747F2B1A03791700696E68 /* UnitTestDemo_Tests33.m in Sources */,
			);
			runOnlyForDeploymentPostprocessing = 0;
		};
		29E8887F1A023E9A00FA5AA1 /* Sources */ = {
			isa = PBXSourcesBuildPhase;
			buildActionMask = 2147483647;
			files = (
				29E8888F1A023E9A00FA5AA1 /* ViewController.m in Sources */,
				29E8888C1A023E9A00FA5AA1 /* AppDelegate.m in Sources */,
				29E888891A023E9A00FA5AA1 /* main.m in Sources */,
				29E888AE1A026C0200FA5AA1 /* TestTools.m in Sources */,
			);
			runOnlyForDeploymentPostprocessing = 0;
		};
		29E888981A023E9A00FA5AA1 /* Sources */ = {
			isa = PBXSourcesBuildPhase;
			buildActionMask = 2147483647;
			files = (
				29E888B11A027A4100FA5AA1 /* UnitTestDemoTests2.m in Sources */,
				29E888A31A023E9A00FA5AA1 /* UnitTestDemoTests.m in Sources */,
				29E888AF1A026C0200FA5AA1 /* TestTools.m in Sources */,
			);
			runOnlyForDeploymentPostprocessing = 0;
		};
		29E888B61A0329A700FA5AA1 /* Sources */ = {
			isa = PBXSourcesBuildPhase;
			buildActionMask = 2147483647;
			files = (
				29E888BF1A0329A700FA5AA1 /* UnitTestDemo_Tests.m in Sources */,
			);
			runOnlyForDeploymentPostprocessing = 0;
		};
/* End PBXSourcesBuildPhase section */

/* Begin PBXTargetDependency section */
		29747F2D1A03791700696E68 /* PBXTargetDependency */ = {
			isa = PBXTargetDependency;
			target = 29E888821A023E9A00FA5AA1 /* UnitTestDemo */;
			targetProxy = 29747F2C1A03791700696E68 /* PBXContainerItemProxy */;
		};
		29E8889E1A023E9A00FA5AA1 /* PBXTargetDependency */ = {
			isa = PBXTargetDependency;
			target = 29E888821A023E9A00FA5AA1 /* UnitTestDemo */;
			targetProxy = 29E8889D1A023E9A00FA5AA1 /* PBXContainerItemProxy */;
		};
		29E888C11A0329A700FA5AA1 /* PBXTargetDependency */ = {
			isa = PBXTargetDependency;
			target = 29E888821A023E9A00FA5AA1 /* UnitTestDemo */;
			targetProxy = 29E888C01A0329A700FA5AA1 /* PBXContainerItemProxy */;
		};
/* End PBXTargetDependency section */

/* Begin PBXVariantGroup section */
		29E888901A023E9A00FA5AA1 /* Main.storyboard */ = {
			isa = PBXVariantGroup;
			children = (
				29E888911A023E9A00FA5AA1 /* Base */,
			);
			name = Main.storyboard;
			sourceTree = "<group>";
		};
		29E888951A023E9A00FA5AA1 /* LaunchScreen.xib */ = {
			isa = PBXVariantGroup;
			children = (
				29E888961A023E9A00FA5AA1 /* Base */,
			);
			name = LaunchScreen.xib;
			sourceTree = "<group>";
		};
/* End PBXVariantGroup section */

/* Begin XCBuildConfiguration section */
		29747F2E1A03791700696E68 /* Debug */ = {
			isa = XCBuildConfiguration;
			buildSettings = {
				BUNDLE_LOADER = "$(TEST_HOST)";
				FRAMEWORK_SEARCH_PATHS = (
					"$(SDKROOT)/Developer/Library/Frameworks",
					"$(inherited)",
				);
				GCC_PREPROCESSOR_DEFINITIONS = (
					"DEBUG=1",
					"$(inherited)",
				);
				INFOPLIST_FILE = "UnitTestDemo Tests33/Info.plist";
				LD_RUNPATH_SEARCH_PATHS = "$(inherited) @executable_path/Frameworks @loader_path/Frameworks";
				PRODUCT_NAME = "$(TARGET_NAME)";
				TEST_HOST = "$(BUILT_PRODUCTS_DIR)/UnitTestDemo.app/UnitTestDemo";
			};
			name = Debug;
		};
		29747F2F1A03791700696E68 /* Release */ = {
			isa = XCBuildConfiguration;
			buildSettings = {
				BUNDLE_LOADER = "$(TEST_HOST)";
				FRAMEWORK_SEARCH_PATHS = (
					"$(SDKROOT)/Developer/Library/Frameworks",
					"$(inherited)",
				);
				INFOPLIST_FILE = "UnitTestDemo Tests33/Info.plist";
				LD_RUNPATH_SEARCH_PATHS = "$(inherited) @executable_path/Frameworks @loader_path/Frameworks";
				PRODUCT_NAME = "$(TARGET_NAME)";
				TEST_HOST = "$(BUILT_PRODUCTS_DIR)/UnitTestDemo.app/UnitTestDemo";
			};
			name = Release;
		};
		29E888A41A023E9A00FA5AA1 /* Debug */ = {
			isa = XCBuildConfiguration;
			buildSettings = {
				ALWAYS_SEARCH_USER_PATHS = NO;
				CLANG_CXX_LANGUAGE_STANDARD = "gnu++0x";
				CLANG_CXX_LIBRARY = "libc++";
				CLANG_ENABLE_MODULES = YES;
				CLANG_ENABLE_OBJC_ARC = YES;
				CLANG_WARN_BOOL_CONVERSION = YES;
				CLANG_WARN_CONSTANT_CONVERSION = YES;
				CLANG_WARN_DIRECT_OBJC_ISA_USAGE = YES_ERROR;
				CLANG_WARN_EMPTY_BODY = YES;
				CLANG_WARN_ENUM_CONVERSION = YES;
				CLANG_WARN_INT_CONVERSION = YES;
				CLANG_WARN_OBJC_ROOT_CLASS = YES_ERROR;
				CLANG_WARN_UNREACHABLE_CODE = YES;
				CLANG_WARN__DUPLICATE_METHOD_MATCH = YES;
				"CODE_SIGN_IDENTITY[sdk=iphoneos*]" = "iPhone Developer";
				COPY_PHASE_STRIP = NO;
				ENABLE_STRICT_OBJC_MSGSEND = YES;
				GCC_C_LANGUAGE_STANDARD = gnu99;
				GCC_DYNAMIC_NO_PIC = NO;
				GCC_OPTIMIZATION_LEVEL = 0;
				GCC_PREPROCESSOR_DEFINITIONS = (
					"DEBUG=1",
					"$(inherited)",
				);
				GCC_SYMBOLS_PRIVATE_EXTERN = NO;
				GCC_WARN_64_TO_32_BIT_CONVERSION = YES;
				GCC_WARN_ABOUT_RETURN_TYPE = YES_ERROR;
				GCC_WARN_UNDECLARED_SELECTOR = YES;
				GCC_WARN_UNINITIALIZED_AUTOS = YES_AGGRESSIVE;
				GCC_WARN_UNUSED_FUNCTION = YES;
				GCC_WARN_UNUSED_VARIABLE = YES;
				IPHONEOS_DEPLOYMENT_TARGET = 8.1;
				MTL_ENABLE_DEBUG_INFO = YES;
				ONLY_ACTIVE_ARCH = YES;
				SDKROOT = iphoneos;
			};
			name = Debug;
		};
		29E888A51A023E9A00FA5AA1 /* Release */ = {
			isa = XCBuildConfiguration;
			buildSettings = {
				ALWAYS_SEARCH_USER_PATHS = NO;
				CLANG_CXX_LANGUAGE_STANDARD = "gnu++0x";
				CLANG_CXX_LIBRARY = "libc++";
				CLANG_ENABLE_MODULES = YES;
				CLANG_ENABLE_OBJC_ARC = YES;
				CLANG_WARN_BOOL_CONVERSION = YES;
				CLANG_WARN_CONSTANT_CONVERSION = YES;
				CLANG_WARN_DIRECT_OBJC_ISA_USAGE = YES_ERROR;
				CLANG_WARN_EMPTY_BODY = YES;
				CLANG_WARN_ENUM_CONVERSION = YES;
				CLANG_WARN_INT_CONVERSION = YES;
				CLANG_WARN_OBJC_ROOT_CLASS = YES_ERROR;
				CLANG_WARN_UNREACHABLE_CODE = YES;
				CLANG_WARN__DUPLICATE_METHOD_MATCH = YES;
				"CODE_SIGN_IDENTITY[sdk=iphoneos*]" = "iPhone Developer";
				COPY_PHASE_STRIP = YES;
				ENABLE_NS_ASSERTIONS = NO;
				ENABLE_STRICT_OBJC_MSGSEND = YES;
				GCC_C_LANGUAGE_STANDARD = gnu99;
				GCC_WARN_64_TO_32_BIT_CONVERSION = YES;
				GCC_WARN_ABOUT_RETURN_TYPE = YES_ERROR;
				GCC_WARN_UNDECLARED_SELECTOR = YES;
				GCC_WARN_UNINITIALIZED_AUTOS = YES_AGGRESSIVE;
				GCC_WARN_UNUSED_FUNCTION = YES;
				GCC_WARN_UNUSED_VARIABLE = YES;
				IPHONEOS_DEPLOYMENT_TARGET = 8.1;
				MTL_ENABLE_DEBUG_INFO = NO;
				SDKROOT = iphoneos;
				VALIDATE_PRODUCT = YES;
			};
			name = Release;
		};
		29E888A71A023E9A00FA5AA1 /* Debug */ = {
			isa = XCBuildConfiguration;
			buildSettings = {
				ASSETCATALOG_COMPILER_APPICON_NAME = AppIcon;
				INFOPLIST_FILE = UnitTestDemo/Info.plist;
				LD_RUNPATH_SEARCH_PATHS = "$(inherited) @executable_path/Frameworks";
				PRODUCT_NAME = "$(TARGET_NAME)";
			};
			name = Debug;
		};
		29E888A81A023E9A00FA5AA1 /* Release */ = {
			isa = XCBuildConfiguration;
			buildSettings = {
				ASSETCATALOG_COMPILER_APPICON_NAME = AppIcon;
				INFOPLIST_FILE = UnitTestDemo/Info.plist;
				LD_RUNPATH_SEARCH_PATHS = "$(inherited) @executable_path/Frameworks";
				PRODUCT_NAME = "$(TARGET_NAME)";
			};
			name = Release;
		};
		29E888AA1A023E9A00FA5AA1 /* Debug */ = {
			isa = XCBuildConfiguration;
			buildSettings = {
				BUNDLE_LOADER = "$(TEST_HOST)";
				FRAMEWORK_SEARCH_PATHS = (
					"$(SDKROOT)/Developer/Library/Frameworks",
					"$(inherited)",
				);
				GCC_PREPROCESSOR_DEFINITIONS = (
					"DEBUG=1",
					"$(inherited)",
				);
				INFOPLIST_FILE = UnitTestDemoTests/Info.plist;
				LD_RUNPATH_SEARCH_PATHS = "$(inherited) @executable_path/Frameworks @loader_path/Frameworks";
				PRODUCT_NAME = "$(TARGET_NAME)";
				TEST_HOST = "$(BUILT_PRODUCTS_DIR)/UnitTestDemo.app/UnitTestDemo";
			};
			name = Debug;
		};
		29E888AB1A023E9A00FA5AA1 /* Release */ = {
			isa = XCBuildConfiguration;
			buildSettings = {
				BUNDLE_LOADER = "$(TEST_HOST)";
				FRAMEWORK_SEARCH_PATHS = (
					"$(SDKROOT)/Developer/Library/Frameworks",
					"$(inherited)",
				);
				INFOPLIST_FILE = UnitTestDemoTests/Info.plist;
				LD_RUNPATH_SEARCH_PATHS = "$(inherited) @executable_path/Frameworks @loader_path/Frameworks";
				PRODUCT_NAME = "$(TARGET_NAME)";
				TEST_HOST = "$(BUILT_PRODUCTS_DIR)/UnitTestDemo.app/UnitTestDemo";
			};
			name = Release;
		};
		29E888C31A0329A700FA5AA1 /* Debug */ = {
			isa = XCBuildConfiguration;
			buildSettings = {
				BUNDLE_LOADER = "$(TEST_HOST)";
				FRAMEWORK_SEARCH_PATHS = (
					"$(SDKROOT)/Developer/Library/Frameworks",
					"$(inherited)",
				);
				GCC_PREPROCESSOR_DEFINITIONS = (
					"DEBUG=1",
					"$(inherited)",
				);
				INFOPLIST_FILE = "UnitTestDemo Tests/Info.plist";
				LD_RUNPATH_SEARCH_PATHS = "$(inherited) @executable_path/Frameworks @loader_path/Frameworks";
				PRODUCT_NAME = "$(TARGET_NAME)";
				TEST_HOST = "$(BUILT_PRODUCTS_DIR)/UnitTestDemo.app/UnitTestDemo";
			};
			name = Debug;
		};
		29E888C41A0329A700FA5AA1 /* Release */ = {
			isa = XCBuildConfiguration;
			buildSettings = {
				BUNDLE_LOADER = "$(TEST_HOST)";
				FRAMEWORK_SEARCH_PATHS = (
					"$(SDKROOT)/Developer/Library/Frameworks",
					"$(inherited)",
				);
				INFOPLIST_FILE = "UnitTestDemo Tests/Info.plist";
				LD_RUNPATH_SEARCH_PATHS = "$(inherited) @executable_path/Frameworks @loader_path/Frameworks";
				PRODUCT_NAME = "$(TARGET_NAME)";
				TEST_HOST = "$(BUILT_PRODUCTS_DIR)/UnitTestDemo.app/UnitTestDemo";
			};
			name = Release;
		};
/* End XCBuildConfiguration section */

/* Begin XCConfigurationList section */
		29747F301A03791700696E68 /* Build configuration list for PBXNativeTarget "UnitTestDemo Tests33" */ = {
			isa = XCConfigurationList;
			buildConfigurations = (
				29747F2E1A03791700696E68 /* Debug */,
				29747F2F1A03791700696E68 /* Release */,
			);
			defaultConfigurationIsVisible = 0;
		};
		29E8887E1A023E9A00FA5AA1 /* Build configuration list for PBXProject "UnitTestDemo" */ = {
			isa = XCConfigurationList;
			buildConfigurations = (
				29E888A41A023E9A00FA5AA1 /* Debug */,
				29E888A51A023E9A00FA5AA1 /* Release */,
			);
			defaultConfigurationIsVisible = 0;
			defaultConfigurationName = Release;
		};
		29E888A61A023E9A00FA5AA1 /* Build configuration list for PBXNativeTarget "UnitTestDemo" */ = {
			isa = XCConfigurationList;
			buildConfigurations = (
				29E888A71A023E9A00FA5AA1 /* Debug */,
				29E888A81A023E9A00FA5AA1 /* Release */,
			);
			defaultConfigurationIsVisible = 0;
			defaultConfigurationName = Release;
		};
		29E888A91A023E9A00FA5AA1 /* Build configuration list for PBXNativeTarget "UnitTestDemoTests" */ = {
			isa = XCConfigurationList;
			buildConfigurations = (
				29E888AA1A023E9A00FA5AA1 /* Debug */,
				29E888AB1A023E9A00FA5AA1 /* Release */,
			);
			defaultConfigurationIsVisible = 0;
			defaultConfigurationName = Release;
		};
		29E888C21A0329A700FA5AA1 /* Build configuration list for PBXNativeTarget "UnitTestDemo Tests" */ = {
			isa = XCConfigurationList;
			buildConfigurations = (
				29E888C31A0329A700FA5AA1 /* Debug */,
				29E888C41A0329A700FA5AA1 /* Release */,
			);
			defaultConfigurationIsVisible = 0;
			defaultConfigurationName = Release;
		};
/* End XCConfigurationList section */
	};
	rootObject = 29E8887B1A023E9A00FA5AA1 /* Project object */;
}
